// !$*UTF8*$!
{
	archiveVersion = 1;
	classes = {
	};
	objectVersion = 50;
	objects = {

/* Begin PBXBuildFile section */
		4FEDF66425BFB2460028EC56 /* Main.storyboard in Resources */ = {isa = PBXBuildFile; fileRef = 4FEDF66225BFB2460028EC56 /* Main.storyboard */; };
		4FEDF66625BFB2480028EC56 /* Assets.xcassets in Resources */ = {isa = PBXBuildFile; fileRef = 4FEDF66525BFB2480028EC56 /* Assets.xcassets */; };
		4FEDF66925BFB2480028EC56 /* LaunchScreen.storyboard in Resources */ = {isa = PBXBuildFile; fileRef = 4FEDF66725BFB2480028EC56 /* LaunchScreen.storyboard */; };
		4FEDF67E25BFB3590028EC56 /* URLRequestConvertible.swift in Sources */ = {isa = PBXBuildFile; fileRef = 4FEDF67525BFB3590028EC56 /* URLRequestConvertible.swift */; };
		4FEDF67F25BFB3590028EC56 /* URLEncoding.swift in Sources */ = {isa = PBXBuildFile; fileRef = 4FEDF67625BFB3590028EC56 /* URLEncoding.swift */; };
		4FEDF68025BFB3590028EC56 /* AppDelegate.swift in Sources */ = {isa = PBXBuildFile; fileRef = 4FEDF67825BFB3590028EC56 /* AppDelegate.swift */; };
		4FEDF68625BFB95B0028EC56 /* HTTPMethod.swift in Sources */ = {isa = PBXBuildFile; fileRef = 4FEDF68525BFB95B0028EC56 /* HTTPMethod.swift */; };
		4FEDF68F25BFC0950028EC56 /* HomeViewController.swift in Sources */ = {isa = PBXBuildFile; fileRef = 4FEDF68E25BFC0950028EC56 /* HomeViewController.swift */; };
		4FEDF69325BFC0C10028EC56 /* CollectionViewViewModel.swift in Sources */ = {isa = PBXBuildFile; fileRef = 4FEDF69225BFC0C10028EC56 /* CollectionViewViewModel.swift */; };
		4FEDF69625BFC1710028EC56 /* ColorsTableViewCell.swift in Sources */ = {isa = PBXBuildFile; fileRef = 4FEDF69525BFC1710028EC56 /* ColorsTableViewCell.swift */; };
		4FEDF69925BFC18D0028EC56 /* Configurable.swift in Sources */ = {isa = PBXBuildFile; fileRef = 4FEDF69825BFC18D0028EC56 /* Configurable.swift */; };
		4FEDF69C25BFC2A40028EC56 /* TypeName.swift in Sources */ = {isa = PBXBuildFile; fileRef = 4FEDF69B25BFC2A40028EC56 /* TypeName.swift */; };
		4FEDF6A025BFC3BF0028EC56 /* ColorSquareCollectionViewCell.swift in Sources */ = {isa = PBXBuildFile; fileRef = 4FEDF69F25BFC3BF0028EC56 /* ColorSquareCollectionViewCell.swift */; };
		4FEDF6A325C0F9B30028EC56 /* UIColor+FromHex.swift in Sources */ = {isa = PBXBuildFile; fileRef = 4FEDF6A225C0F9B30028EC56 /* UIColor+FromHex.swift */; };
		4FEDF6A625C0FC570028EC56 /* RequestsManager.swift in Sources */ = {isa = PBXBuildFile; fileRef = 4FEDF6A525C0FC570028EC56 /* RequestsManager.swift */; };
		4FEDF6AC25C0FD500028EC56 /* APIError.swift in Sources */ = {isa = PBXBuildFile; fileRef = 4FEDF6AB25C0FD500028EC56 /* APIError.swift */; };
		4FEDF6B025C0FDE60028EC56 /* HomeRequests.swift in Sources */ = {isa = PBXBuildFile; fileRef = 4FEDF6AF25C0FDE60028EC56 /* HomeRequests.swift */; };
		4FEDF6B325C24AEA0028EC56 /* LoadingTableViewCell.swift in Sources */ = {isa = PBXBuildFile; fileRef = 4FEDF6B225C24AEA0028EC56 /* LoadingTableViewCell.swift */; };
		4FEDF6B625C2572C0028EC56 /* GameResultsViewController.swift in Sources */ = {isa = PBXBuildFile; fileRef = 4FEDF6B525C2572C0028EC56 /* GameResultsViewController.swift */; };
		4FEDF6C925C281E40028EC56 /* BusinessLogicManager.swift in Sources */ = {isa = PBXBuildFile; fileRef = 4FEDF6C825C281E40028EC56 /* BusinessLogicManager.swift */; };
		4FEDF6CD25C2878A0028EC56 /* BusinessLogicManagerTests.swift in Sources */ = {isa = PBXBuildFile; fileRef = 4FEDF6CC25C2878A0028EC56 /* BusinessLogicManagerTests.swift */; };
		4FF92CCB25C31F2A00DD6343 /* SquareType.swift in Sources */ = {isa = PBXBuildFile; fileRef = 4FF92CCA25C31F2A00DD6343 /* SquareType.swift */; };
		4FF92CCF25C31F4800DD6343 /* ColorSquare.swift in Sources */ = {isa = PBXBuildFile; fileRef = 4FF92CCE25C31F4800DD6343 /* ColorSquare.swift */; };
		4FF92CD325C31F7B00DD6343 /* UIView+Helpers.swift in Sources */ = {isa = PBXBuildFile; fileRef = 4FF92CD225C31F7B00DD6343 /* UIView+Helpers.swift */; };
		4FF92CD725C3243C00DD6343 /* ResultsListViewController.swift in Sources */ = {isa = PBXBuildFile; fileRef = 4FF92CD625C3243C00DD6343 /* ResultsListViewController.swift */; };
		4FF92CDB25C3245D00DD6343 /* ResultsListTableViewCell.swift in Sources */ = {isa = PBXBuildFile; fileRef = 4FF92CDA25C3245D00DD6343 /* ResultsListTableViewCell.swift */; };
		4FF92CDF25C336F300DD6343 /* ResultSquare.swift in Sources */ = {isa = PBXBuildFile; fileRef = 4FF92CDE25C336F300DD6343 /* ResultSquare.swift */; };
		4FF92CE525C3375800DD6343 /* ColorsChallenge.xcdatamodeld in Sources */ = {isa = PBXBuildFile; fileRef = 4FF92CE325C3375800DD6343 /* ColorsChallenge.xcdatamodeld */; };
		4FF92CE925C353DD00DD6343 /* CoreDataStack.swift in Sources */ = {isa = PBXBuildFile; fileRef = 4FF92CE825C353DD00DD6343 /* CoreDataStack.swift */; };
		4FF92CED25C3558D00DD6343 /* CoreDataAccessors.swift in Sources */ = {isa = PBXBuildFile; fileRef = 4FF92CEC25C3558D00DD6343 /* CoreDataAccessors.swift */; };
/* End PBXBuildFile section */

/* Begin PBXContainerItemProxy section */
		4FEDF6C125C281BB0028EC56 /* PBXContainerItemProxy */ = {
			isa = PBXContainerItemProxy;
			containerPortal = 4FEDF65125BFB2460028EC56 /* Project object */;
			proxyType = 1;
			remoteGlobalIDString = 4FEDF65825BFB2460028EC56;
			remoteInfo = ColorsChallenge;
		};
/* End PBXContainerItemProxy section */

/* Begin PBXFileReference section */
		4FEDF65925BFB2460028EC56 /* ColorsChallenge.app */ = {isa = PBXFileReference; explicitFileType = wrapper.application; includeInIndex = 0; path = ColorsChallenge.app; sourceTree = BUILT_PRODUCTS_DIR; };
		4FEDF66325BFB2460028EC56 /* Base */ = {isa = PBXFileReference; lastKnownFileType = file.storyboard; name = Base; path = Base.lproj/Main.storyboard; sourceTree = "<group>"; };
		4FEDF66525BFB2480028EC56 /* Assets.xcassets */ = {isa = PBXFileReference; lastKnownFileType = folder.assetcatalog; path = Assets.xcassets; sourceTree = "<group>"; };
		4FEDF66825BFB2480028EC56 /* Base */ = {isa = PBXFileReference; lastKnownFileType = file.storyboard; name = Base; path = Base.lproj/LaunchScreen.storyboard; sourceTree = "<group>"; };
		4FEDF66A25BFB2480028EC56 /* Info.plist */ = {isa = PBXFileReference; lastKnownFileType = text.plist.xml; path = Info.plist; sourceTree = "<group>"; };
		4FEDF67525BFB3590028EC56 /* URLRequestConvertible.swift */ = {isa = PBXFileReference; fileEncoding = 4; lastKnownFileType = sourcecode.swift; path = URLRequestConvertible.swift; sourceTree = "<group>"; };
		4FEDF67625BFB3590028EC56 /* URLEncoding.swift */ = {isa = PBXFileReference; fileEncoding = 4; lastKnownFileType = sourcecode.swift; path = URLEncoding.swift; sourceTree = "<group>"; };
		4FEDF67825BFB3590028EC56 /* AppDelegate.swift */ = {isa = PBXFileReference; fileEncoding = 4; lastKnownFileType = sourcecode.swift; path = AppDelegate.swift; sourceTree = "<group>"; };
		4FEDF68525BFB95B0028EC56 /* HTTPMethod.swift */ = {isa = PBXFileReference; fileEncoding = 4; lastKnownFileType = sourcecode.swift; path = HTTPMethod.swift; sourceTree = "<group>"; };
		4FEDF68E25BFC0950028EC56 /* HomeViewController.swift */ = {isa = PBXFileReference; lastKnownFileType = sourcecode.swift; path = HomeViewController.swift; sourceTree = "<group>"; };
		4FEDF69225BFC0C10028EC56 /* CollectionViewViewModel.swift */ = {isa = PBXFileReference; lastKnownFileType = sourcecode.swift; path = CollectionViewViewModel.swift; sourceTree = "<group>"; };
		4FEDF69525BFC1710028EC56 /* ColorsTableViewCell.swift */ = {isa = PBXFileReference; lastKnownFileType = sourcecode.swift; path = ColorsTableViewCell.swift; sourceTree = "<group>"; };
		4FEDF69825BFC18D0028EC56 /* Configurable.swift */ = {isa = PBXFileReference; fileEncoding = 4; lastKnownFileType = sourcecode.swift; path = Configurable.swift; sourceTree = "<group>"; };
		4FEDF69B25BFC2A40028EC56 /* TypeName.swift */ = {isa = PBXFileReference; fileEncoding = 4; lastKnownFileType = sourcecode.swift; path = TypeName.swift; sourceTree = "<group>"; };
		4FEDF69F25BFC3BF0028EC56 /* ColorSquareCollectionViewCell.swift */ = {isa = PBXFileReference; lastKnownFileType = sourcecode.swift; path = ColorSquareCollectionViewCell.swift; sourceTree = "<group>"; };
		4FEDF6A225C0F9B30028EC56 /* UIColor+FromHex.swift */ = {isa = PBXFileReference; lastKnownFileType = sourcecode.swift; path = "UIColor+FromHex.swift"; sourceTree = "<group>"; };
		4FEDF6A525C0FC570028EC56 /* RequestsManager.swift */ = {isa = PBXFileReference; fileEncoding = 4; lastKnownFileType = sourcecode.swift; path = RequestsManager.swift; sourceTree = "<group>"; };
		4FEDF6AB25C0FD500028EC56 /* APIError.swift */ = {isa = PBXFileReference; lastKnownFileType = sourcecode.swift; path = APIError.swift; sourceTree = "<group>"; };
		4FEDF6AF25C0FDE60028EC56 /* HomeRequests.swift */ = {isa = PBXFileReference; lastKnownFileType = sourcecode.swift; path = HomeRequests.swift; sourceTree = "<group>"; };
		4FEDF6B225C24AEA0028EC56 /* LoadingTableViewCell.swift */ = {isa = PBXFileReference; lastKnownFileType = sourcecode.swift; path = LoadingTableViewCell.swift; sourceTree = "<group>"; };
		4FEDF6B525C2572C0028EC56 /* GameResultsViewController.swift */ = {isa = PBXFileReference; lastKnownFileType = sourcecode.swift; path = GameResultsViewController.swift; sourceTree = "<group>"; };
		4FEDF6BC25C281BB0028EC56 /* ColorsChallengeTests.xctest */ = {isa = PBXFileReference; explicitFileType = wrapper.cfbundle; includeInIndex = 0; path = ColorsChallengeTests.xctest; sourceTree = BUILT_PRODUCTS_DIR; };
		4FEDF6C025C281BB0028EC56 /* Info.plist */ = {isa = PBXFileReference; lastKnownFileType = text.plist.xml; path = Info.plist; sourceTree = "<group>"; };
		4FEDF6C825C281E40028EC56 /* BusinessLogicManager.swift */ = {isa = PBXFileReference; lastKnownFileType = sourcecode.swift; path = BusinessLogicManager.swift; sourceTree = "<group>"; };
		4FEDF6CC25C2878A0028EC56 /* BusinessLogicManagerTests.swift */ = {isa = PBXFileReference; lastKnownFileType = sourcecode.swift; path = BusinessLogicManagerTests.swift; sourceTree = "<group>"; };
		4FF92CCA25C31F2A00DD6343 /* SquareType.swift */ = {isa = PBXFileReference; lastKnownFileType = sourcecode.swift; path = SquareType.swift; sourceTree = "<group>"; };
		4FF92CCE25C31F4800DD6343 /* ColorSquare.swift */ = {isa = PBXFileReference; lastKnownFileType = sourcecode.swift; path = ColorSquare.swift; sourceTree = "<group>"; };
		4FF92CD225C31F7B00DD6343 /* UIView+Helpers.swift */ = {isa = PBXFileReference; lastKnownFileType = sourcecode.swift; path = "UIView+Helpers.swift"; sourceTree = "<group>"; };
		4FF92CD625C3243C00DD6343 /* ResultsListViewController.swift */ = {isa = PBXFileReference; lastKnownFileType = sourcecode.swift; path = ResultsListViewController.swift; sourceTree = "<group>"; };
		4FF92CDA25C3245D00DD6343 /* ResultsListTableViewCell.swift */ = {isa = PBXFileReference; lastKnownFileType = sourcecode.swift; path = ResultsListTableViewCell.swift; sourceTree = "<group>"; };
		4FF92CDE25C336F300DD6343 /* ResultSquare.swift */ = {isa = PBXFileReference; lastKnownFileType = sourcecode.swift; path = ResultSquare.swift; sourceTree = "<group>"; };
		4FF92CE425C3375800DD6343 /* ColorsChallenge.xcdatamodel */ = {isa = PBXFileReference; lastKnownFileType = wrapper.xcdatamodel; path = ColorsChallenge.xcdatamodel; sourceTree = "<group>"; };
		4FF92CE825C353DD00DD6343 /* CoreDataStack.swift */ = {isa = PBXFileReference; fileEncoding = 4; lastKnownFileType = sourcecode.swift; path = CoreDataStack.swift; sourceTree = "<group>"; };
		4FF92CEC25C3558D00DD6343 /* CoreDataAccessors.swift */ = {isa = PBXFileReference; lastKnownFileType = sourcecode.swift; path = CoreDataAccessors.swift; sourceTree = "<group>"; };
/* End PBXFileReference section */

/* Begin PBXFrameworksBuildPhase section */
		4FEDF65625BFB2460028EC56 /* Frameworks */ = {
			isa = PBXFrameworksBuildPhase;
			buildActionMask = 2147483647;
			files = (
			);
			runOnlyForDeploymentPostprocessing = 0;
		};
		4FEDF6B925C281BB0028EC56 /* Frameworks */ = {
			isa = PBXFrameworksBuildPhase;
			buildActionMask = 2147483647;
			files = (
			);
			runOnlyForDeploymentPostprocessing = 0;
		};
/* End PBXFrameworksBuildPhase section */

/* Begin PBXGroup section */
		4FEDF65025BFB2460028EC56 = {
			isa = PBXGroup;
			children = (
				4FEDF65B25BFB2460028EC56 /* ColorsChallenge */,
				4FEDF6BD25C281BB0028EC56 /* ColorsChallengeTests */,
				4FEDF65A25BFB2460028EC56 /* Products */,
			);
			sourceTree = "<group>";
		};
		4FEDF65A25BFB2460028EC56 /* Products */ = {
			isa = PBXGroup;
			children = (
				4FEDF65925BFB2460028EC56 /* ColorsChallenge.app */,
				4FEDF6BC25C281BB0028EC56 /* ColorsChallengeTests.xctest */,
			);
			name = Products;
			sourceTree = "<group>";
		};
		4FEDF65B25BFB2460028EC56 /* ColorsChallenge */ = {
			isa = PBXGroup;
			children = (
				4FF92CE225C3373E00DD6343 /* Core Data */,
				4FEDF67725BFB3590028EC56 /* App Delegate */,
				4FEDF67925BFB3590028EC56 /* Constants */,
				4FEDF67D25BFB3590028EC56 /* Extensions */,
				4FEDF68425BFB95B0028EC56 /* Enums */,
				4FEDF67225BFB3590028EC56 /* Managers */,
				4FEDF67C25BFB3590028EC56 /* Models */,
				4FEDF67325BFB3590028EC56 /* Protocols */,
				4FEDF67B25BFB3590028EC56 /* Requests */,
				4FEDF67A25BFB3590028EC56 /* View Controllers */,
				4FEDF66225BFB2460028EC56 /* Main.storyboard */,
				4FEDF66525BFB2480028EC56 /* Assets.xcassets */,
				4FEDF66725BFB2480028EC56 /* LaunchScreen.storyboard */,
				4FEDF66A25BFB2480028EC56 /* Info.plist */,
			);
			path = ColorsChallenge;
			sourceTree = "<group>";
		};
		4FEDF67225BFB3590028EC56 /* Managers */ = {
			isa = PBXGroup;
			children = (
				4FEDF6C825C281E40028EC56 /* BusinessLogicManager.swift */,
			);
			path = Managers;
			sourceTree = "<group>";
		};
		4FEDF67325BFB3590028EC56 /* Protocols */ = {
			isa = PBXGroup;
			children = (
				4FEDF69B25BFC2A40028EC56 /* TypeName.swift */,
				4FEDF69825BFC18D0028EC56 /* Configurable.swift */,
			);
			path = Protocols;
			sourceTree = "<group>";
		};
		4FEDF67425BFB3590028EC56 /* Protocols */ = {
			isa = PBXGroup;
			children = (
				4FEDF67525BFB3590028EC56 /* URLRequestConvertible.swift */,
				4FEDF67625BFB3590028EC56 /* URLEncoding.swift */,
			);
			path = Protocols;
			sourceTree = "<group>";
		};
		4FEDF67725BFB3590028EC56 /* App Delegate */ = {
			isa = PBXGroup;
			children = (
				4FEDF67825BFB3590028EC56 /* AppDelegate.swift */,
			);
			path = "App Delegate";
			sourceTree = "<group>";
		};
		4FEDF67925BFB3590028EC56 /* Constants */ = {
			isa = PBXGroup;
			children = (
			);
			path = Constants;
			sourceTree = "<group>";
		};
		4FEDF67A25BFB3590028EC56 /* View Controllers */ = {
			isa = PBXGroup;
			children = (
				4FEDF68825BFC0820028EC56 /* Home */,
				4FEDF68B25BFC0820028EC56 /* Results */,
			);
			path = "View Controllers";
			sourceTree = "<group>";
		};
		4FEDF67B25BFB3590028EC56 /* Requests */ = {
			isa = PBXGroup;
			children = (
				4FEDF6AE25C0FDCC0028EC56 /* Routers */,
				4FEDF6AA25C0FD440028EC56 /* Structs */,
				4FEDF6A925C0FC9F0028EC56 /* Enums */,
				4FEDF67425BFB3590028EC56 /* Protocols */,
				4FEDF6A525C0FC570028EC56 /* RequestsManager.swift */,
			);
			path = Requests;
			sourceTree = "<group>";
		};
		4FEDF67C25BFB3590028EC56 /* Models */ = {
			isa = PBXGroup;
			children = (
			);
			path = Models;
			sourceTree = "<group>";
		};
		4FEDF67D25BFB3590028EC56 /* Extensions */ = {
			isa = PBXGroup;
			children = (
				4FEDF6A225C0F9B30028EC56 /* UIColor+FromHex.swift */,
				4FF92CD225C31F7B00DD6343 /* UIView+Helpers.swift */,
			);
			path = Extensions;
			sourceTree = "<group>";
		};
		4FEDF68425BFB95B0028EC56 /* Enums */ = {
			isa = PBXGroup;
			children = (
				4FF92CCA25C31F2A00DD6343 /* SquareType.swift */,
			);
			path = Enums;
			sourceTree = "<group>";
		};
		4FEDF68825BFC0820028EC56 /* Home */ = {
			isa = PBXGroup;
			children = (
				4FEDF69125BFC0A60028EC56 /* Models */,
				4FEDF68925BFC0820028EC56 /* Cells */,
				4FEDF68A25BFC0820028EC56 /* View Controllers */,
			);
			path = Home;
			sourceTree = "<group>";
		};
		4FEDF68925BFC0820028EC56 /* Cells */ = {
			isa = PBXGroup;
			children = (
				4FEDF69525BFC1710028EC56 /* ColorsTableViewCell.swift */,
				4FEDF69F25BFC3BF0028EC56 /* ColorSquareCollectionViewCell.swift */,
				4FEDF6B225C24AEA0028EC56 /* LoadingTableViewCell.swift */,
			);
			path = Cells;
			sourceTree = "<group>";
		};
		4FEDF68A25BFC0820028EC56 /* View Controllers */ = {
			isa = PBXGroup;
			children = (
				4FEDF68E25BFC0950028EC56 /* HomeViewController.swift */,
				4FEDF6B525C2572C0028EC56 /* GameResultsViewController.swift */,
			);
			path = "View Controllers";
			sourceTree = "<group>";
		};
		4FEDF68B25BFC0820028EC56 /* Results */ = {
			isa = PBXGroup;
			children = (
				4FEDF68C25BFC0820028EC56 /* Cells */,
				4FEDF68D25BFC0820028EC56 /* View Controllers */,
			);
			path = Results;
			sourceTree = "<group>";
		};
		4FEDF68C25BFC0820028EC56 /* Cells */ = {
			isa = PBXGroup;
			children = (
				4FF92CDA25C3245D00DD6343 /* ResultsListTableViewCell.swift */,
			);
			path = Cells;
			sourceTree = "<group>";
		};
		4FEDF68D25BFC0820028EC56 /* View Controllers */ = {
			isa = PBXGroup;
			children = (
				4FF92CD625C3243C00DD6343 /* ResultsListViewController.swift */,
			);
			path = "View Controllers";
			sourceTree = "<group>";
		};
		4FEDF69125BFC0A60028EC56 /* Models */ = {
			isa = PBXGroup;
			children = (
				4FEDF69225BFC0C10028EC56 /* CollectionViewViewModel.swift */,
				4FF92CCE25C31F4800DD6343 /* ColorSquare.swift */,
				4FF92CDE25C336F300DD6343 /* ResultSquare.swift */,
			);
			path = Models;
			sourceTree = "<group>";
		};
		4FEDF6A925C0FC9F0028EC56 /* Enums */ = {
			isa = PBXGroup;
			children = (
				4FEDF68525BFB95B0028EC56 /* HTTPMethod.swift */,
			);
			path = Enums;
			sourceTree = "<group>";
		};
		4FEDF6AA25C0FD440028EC56 /* Structs */ = {
			isa = PBXGroup;
			children = (
				4FEDF6AB25C0FD500028EC56 /* APIError.swift */,
			);
			path = Structs;
			sourceTree = "<group>";
		};
		4FEDF6AE25C0FDCC0028EC56 /* Routers */ = {
			isa = PBXGroup;
			children = (
				4FEDF6AF25C0FDE60028EC56 /* HomeRequests.swift */,
			);
			path = Routers;
			sourceTree = "<group>";
		};
		4FEDF6BD25C281BB0028EC56 /* ColorsChallengeTests */ = {
			isa = PBXGroup;
			children = (
				4FEDF6C025C281BB0028EC56 /* Info.plist */,
				4FEDF6CC25C2878A0028EC56 /* BusinessLogicManagerTests.swift */,
			);
			path = ColorsChallengeTests;
			sourceTree = "<group>";
		};
		4FF92CE225C3373E00DD6343 /* Core Data */ = {
			isa = PBXGroup;
			children = (
				4FF92CE825C353DD00DD6343 /* CoreDataStack.swift */,
				4FF92CEC25C3558D00DD6343 /* CoreDataAccessors.swift */,
				4FF92CE325C3375800DD6343 /* ColorsChallenge.xcdatamodeld */,
			);
			path = "Core Data";
			sourceTree = "<group>";
		};
/* End PBXGroup section */

/* Begin PBXNativeTarget section */
		4FEDF65825BFB2460028EC56 /* ColorsChallenge */ = {
			isa = PBXNativeTarget;
			buildConfigurationList = 4FEDF66D25BFB2480028EC56 /* Build configuration list for PBXNativeTarget "ColorsChallenge" */;
			buildPhases = (
				4FEDF65525BFB2460028EC56 /* Sources */,
				4FEDF65625BFB2460028EC56 /* Frameworks */,
				4FEDF65725BFB2460028EC56 /* Resources */,
			);
			buildRules = (
			);
			dependencies = (
			);
			name = ColorsChallenge;
			productName = ColorsChallenge;
			productReference = 4FEDF65925BFB2460028EC56 /* ColorsChallenge.app */;
			productType = "com.apple.product-type.application";
		};
		4FEDF6BB25C281BB0028EC56 /* ColorsChallengeTests */ = {
			isa = PBXNativeTarget;
			buildConfigurationList = 4FEDF6C325C281BB0028EC56 /* Build configuration list for PBXNativeTarget "ColorsChallengeTests" */;
			buildPhases = (
				4FEDF6B825C281BB0028EC56 /* Sources */,
				4FEDF6B925C281BB0028EC56 /* Frameworks */,
				4FEDF6BA25C281BB0028EC56 /* Resources */,
			);
			buildRules = (
			);
			dependencies = (
				4FEDF6C225C281BB0028EC56 /* PBXTargetDependency */,
			);
			name = ColorsChallengeTests;
			productName = ColorsChallengeTests;
			productReference = 4FEDF6BC25C281BB0028EC56 /* ColorsChallengeTests.xctest */;
			productType = "com.apple.product-type.bundle.unit-test";
		};
/* End PBXNativeTarget section */

/* Begin PBXProject section */
		4FEDF65125BFB2460028EC56 /* Project object */ = {
			isa = PBXProject;
			attributes = {
				LastSwiftUpdateCheck = 1220;
				LastUpgradeCheck = 1220;
				TargetAttributes = {
					4FEDF65825BFB2460028EC56 = {
						CreatedOnToolsVersion = 12.2;
					};
					4FEDF6BB25C281BB0028EC56 = {
						CreatedOnToolsVersion = 12.2;
						TestTargetID = 4FEDF65825BFB2460028EC56;
					};
				};
			};
			buildConfigurationList = 4FEDF65425BFB2460028EC56 /* Build configuration list for PBXProject "ColorsChallenge" */;
			compatibilityVersion = "Xcode 9.3";
			developmentRegion = en;
			hasScannedForEncodings = 0;
			knownRegions = (
				en,
				Base,
			);
			mainGroup = 4FEDF65025BFB2460028EC56;
			productRefGroup = 4FEDF65A25BFB2460028EC56 /* Products */;
			projectDirPath = "";
			projectRoot = "";
			targets = (
				4FEDF65825BFB2460028EC56 /* ColorsChallenge */,
				4FEDF6BB25C281BB0028EC56 /* ColorsChallengeTests */,
			);
		};
/* End PBXProject section */

/* Begin PBXResourcesBuildPhase section */
		4FEDF65725BFB2460028EC56 /* Resources */ = {
			isa = PBXResourcesBuildPhase;
			buildActionMask = 2147483647;
			files = (
				4FEDF66925BFB2480028EC56 /* LaunchScreen.storyboard in Resources */,
				4FEDF66625BFB2480028EC56 /* Assets.xcassets in Resources */,
				4FEDF66425BFB2460028EC56 /* Main.storyboard in Resources */,
			);
			runOnlyForDeploymentPostprocessing = 0;
		};
		4FEDF6BA25C281BB0028EC56 /* Resources */ = {
			isa = PBXResourcesBuildPhase;
			buildActionMask = 2147483647;
			files = (
			);
			runOnlyForDeploymentPostprocessing = 0;
		};
/* End PBXResourcesBuildPhase section */

/* Begin PBXSourcesBuildPhase section */
		4FEDF65525BFB2460028EC56 /* Sources */ = {
			isa = PBXSourcesBuildPhase;
			buildActionMask = 2147483647;
			files = (
				4FEDF68F25BFC0950028EC56 /* HomeViewController.swift in Sources */,
				4FEDF69625BFC1710028EC56 /* ColorsTableViewCell.swift in Sources */,
				4FF92CDB25C3245D00DD6343 /* ResultsListTableViewCell.swift in Sources */,
				4FEDF6B025C0FDE60028EC56 /* HomeRequests.swift in Sources */,
				4FEDF69325BFC0C10028EC56 /* CollectionViewViewModel.swift in Sources */,
				4FEDF6A625C0FC570028EC56 /* RequestsManager.swift in Sources */,
				4FEDF6B625C2572C0028EC56 /* GameResultsViewController.swift in Sources */,
				4FF92CCF25C31F4800DD6343 /* ColorSquare.swift in Sources */,
				4FEDF6B325C24AEA0028EC56 /* LoadingTableViewCell.swift in Sources */,
				4FF92CE525C3375800DD6343 /* ColorsChallenge.xcdatamodeld in Sources */,
				4FF92CDF25C336F300DD6343 /* ResultSquare.swift in Sources */,
				4FEDF6A025BFC3BF0028EC56 /* ColorSquareCollectionViewCell.swift in Sources */,
				4FEDF68625BFB95B0028EC56 /* HTTPMethod.swift in Sources */,
				4FF92CD725C3243C00DD6343 /* ResultsListViewController.swift in Sources */,
				4FF92CD325C31F7B00DD6343 /* UIView+Helpers.swift in Sources */,
				4FEDF68025BFB3590028EC56 /* AppDelegate.swift in Sources */,
				4FF92CCB25C31F2A00DD6343 /* SquareType.swift in Sources */,
				4FEDF67F25BFB3590028EC56 /* URLEncoding.swift in Sources */,
				4FEDF69925BFC18D0028EC56 /* Configurable.swift in Sources */,
				4FEDF6C925C281E40028EC56 /* BusinessLogicManager.swift in Sources */,
				4FF92CE925C353DD00DD6343 /* CoreDataStack.swift in Sources */,
				4FEDF6A325C0F9B30028EC56 /* UIColor+FromHex.swift in Sources */,
				4FEDF67E25BFB3590028EC56 /* URLRequestConvertible.swift in Sources */,
				4FF92CED25C3558D00DD6343 /* CoreDataAccessors.swift in Sources */,
				4FEDF69C25BFC2A40028EC56 /* TypeName.swift in Sources */,
				4FEDF6AC25C0FD500028EC56 /* APIError.swift in Sources */,
			);
			runOnlyForDeploymentPostprocessing = 0;
		};
		4FEDF6B825C281BB0028EC56 /* Sources */ = {
			isa = PBXSourcesBuildPhase;
			buildActionMask = 2147483647;
			files = (
				4FEDF6CD25C2878A0028EC56 /* BusinessLogicManagerTests.swift in Sources */,
			);
			runOnlyForDeploymentPostprocessing = 0;
		};
/* End PBXSourcesBuildPhase section */

/* Begin PBXTargetDependency section */
		4FEDF6C225C281BB0028EC56 /* PBXTargetDependency */ = {
			isa = PBXTargetDependency;
			target = 4FEDF65825BFB2460028EC56 /* ColorsChallenge */;
			targetProxy = 4FEDF6C125C281BB0028EC56 /* PBXContainerItemProxy */;
		};
/* End PBXTargetDependency section */

/* Begin PBXVariantGroup section */
		4FEDF66225BFB2460028EC56 /* Main.storyboard */ = {
			isa = PBXVariantGroup;
			children = (
				4FEDF66325BFB2460028EC56 /* Base */,
			);
			name = Main.storyboard;
			sourceTree = "<group>";
		};
		4FEDF66725BFB2480028EC56 /* LaunchScreen.storyboard */ = {
			isa = PBXVariantGroup;
			children = (
				4FEDF66825BFB2480028EC56 /* Base */,
			);
			name = LaunchScreen.storyboard;
			sourceTree = "<group>";
		};
/* End PBXVariantGroup section */

/* Begin XCBuildConfiguration section */
		4FEDF66B25BFB2480028EC56 /* Debug */ = {
			isa = XCBuildConfiguration;
			buildSettings = {
				ALWAYS_SEARCH_USER_PATHS = NO;
				CLANG_ANALYZER_NONNULL = YES;
				CLANG_ANALYZER_NUMBER_OBJECT_CONVERSION = YES_AGGRESSIVE;
				CLANG_CXX_LANGUAGE_STANDARD = "gnu++14";
				CLANG_CXX_LIBRARY = "libc++";
				CLANG_ENABLE_MODULES = YES;
				CLANG_ENABLE_OBJC_ARC = YES;
				CLANG_ENABLE_OBJC_WEAK = YES;
				CLANG_WARN_BLOCK_CAPTURE_AUTORELEASING = YES;
				CLANG_WARN_BOOL_CONVERSION = YES;
				CLANG_WARN_COMMA = YES;
				CLANG_WARN_CONSTANT_CONVERSION = YES;
				CLANG_WARN_DEPRECATED_OBJC_IMPLEMENTATIONS = YES;
				CLANG_WARN_DIRECT_OBJC_ISA_USAGE = YES_ERROR;
				CLANG_WARN_DOCUMENTATION_COMMENTS = YES;
				CLANG_WARN_EMPTY_BODY = YES;
				CLANG_WARN_ENUM_CONVERSION = YES;
				CLANG_WARN_INFINITE_RECURSION = YES;
				CLANG_WARN_INT_CONVERSION = YES;
				CLANG_WARN_NON_LITERAL_NULL_CONVERSION = YES;
				CLANG_WARN_OBJC_IMPLICIT_RETAIN_SELF = YES;
				CLANG_WARN_OBJC_LITERAL_CONVERSION = YES;
				CLANG_WARN_OBJC_ROOT_CLASS = YES_ERROR;
				CLANG_WARN_QUOTED_INCLUDE_IN_FRAMEWORK_HEADER = YES;
				CLANG_WARN_RANGE_LOOP_ANALYSIS = YES;
				CLANG_WARN_STRICT_PROTOTYPES = YES;
				CLANG_WARN_SUSPICIOUS_MOVE = YES;
				CLANG_WARN_UNGUARDED_AVAILABILITY = YES_AGGRESSIVE;
				CLANG_WARN_UNREACHABLE_CODE = YES;
				CLANG_WARN__DUPLICATE_METHOD_MATCH = YES;
				COPY_PHASE_STRIP = NO;
				DEBUG_INFORMATION_FORMAT = dwarf;
				ENABLE_STRICT_OBJC_MSGSEND = YES;
				ENABLE_TESTABILITY = YES;
				GCC_C_LANGUAGE_STANDARD = gnu11;
				GCC_DYNAMIC_NO_PIC = NO;
				GCC_NO_COMMON_BLOCKS = YES;
				GCC_OPTIMIZATION_LEVEL = 0;
				GCC_PREPROCESSOR_DEFINITIONS = (
					"DEBUG=1",
					"$(inherited)",
				);
				GCC_WARN_64_TO_32_BIT_CONVERSION = YES;
				GCC_WARN_ABOUT_RETURN_TYPE = YES_ERROR;
				GCC_WARN_UNDECLARED_SELECTOR = YES;
				GCC_WARN_UNINITIALIZED_AUTOS = YES_AGGRESSIVE;
				GCC_WARN_UNUSED_FUNCTION = YES;
				GCC_WARN_UNUSED_VARIABLE = YES;
				IPHONEOS_DEPLOYMENT_TARGET = 14.2;
				MTL_ENABLE_DEBUG_INFO = INCLUDE_SOURCE;
				MTL_FAST_MATH = YES;
				ONLY_ACTIVE_ARCH = YES;
				SDKROOT = iphoneos;
				SWIFT_ACTIVE_COMPILATION_CONDITIONS = DEBUG;
				SWIFT_OPTIMIZATION_LEVEL = "-Onone";
			};
			name = Debug;
		};
		4FEDF66C25BFB2480028EC56 /* Release */ = {
			isa = XCBuildConfiguration;
			buildSettings = {
				ALWAYS_SEARCH_USER_PATHS = NO;
				CLANG_ANALYZER_NONNULL = YES;
				CLANG_ANALYZER_NUMBER_OBJECT_CONVERSION = YES_AGGRESSIVE;
				CLANG_CXX_LANGUAGE_STANDARD = "gnu++14";
				CLANG_CXX_LIBRARY = "libc++";
				CLANG_ENABLE_MODULES = YES;
				CLANG_ENABLE_OBJC_ARC = YES;
				CLANG_ENABLE_OBJC_WEAK = YES;
				CLANG_WARN_BLOCK_CAPTURE_AUTORELEASING = YES;
				CLANG_WARN_BOOL_CONVERSION = YES;
				CLANG_WARN_COMMA = YES;
				CLANG_WARN_CONSTANT_CONVERSION = YES;
				CLANG_WARN_DEPRECATED_OBJC_IMPLEMENTATIONS = YES;
				CLANG_WARN_DIRECT_OBJC_ISA_USAGE = YES_ERROR;
				CLANG_WARN_DOCUMENTATION_COMMENTS = YES;
				CLANG_WARN_EMPTY_BODY = YES;
				CLANG_WARN_ENUM_CONVERSION = YES;
				CLANG_WARN_INFINITE_RECURSION = YES;
				CLANG_WARN_INT_CONVERSION = YES;
				CLANG_WARN_NON_LITERAL_NULL_CONVERSION = YES;
				CLANG_WARN_OBJC_IMPLICIT_RETAIN_SELF = YES;
				CLANG_WARN_OBJC_LITERAL_CONVERSION = YES;
				CLANG_WARN_OBJC_ROOT_CLASS = YES_ERROR;
				CLANG_WARN_QUOTED_INCLUDE_IN_FRAMEWORK_HEADER = YES;
				CLANG_WARN_RANGE_LOOP_ANALYSIS = YES;
				CLANG_WARN_STRICT_PROTOTYPES = YES;
				CLANG_WARN_SUSPICIOUS_MOVE = YES;
				CLANG_WARN_UNGUARDED_AVAILABILITY = YES_AGGRESSIVE;
				CLANG_WARN_UNREACHABLE_CODE = YES;
				CLANG_WARN__DUPLICATE_METHOD_MATCH = YES;
				COPY_PHASE_STRIP = NO;
				DEBUG_INFORMATION_FORMAT = "dwarf-with-dsym";
				ENABLE_NS_ASSERTIONS = NO;
				ENABLE_STRICT_OBJC_MSGSEND = YES;
				GCC_C_LANGUAGE_STANDARD = gnu11;
				GCC_NO_COMMON_BLOCKS = YES;
				GCC_WARN_64_TO_32_BIT_CONVERSION = YES;
				GCC_WARN_ABOUT_RETURN_TYPE = YES_ERROR;
				GCC_WARN_UNDECLARED_SELECTOR = YES;
				GCC_WARN_UNINITIALIZED_AUTOS = YES_AGGRESSIVE;
				GCC_WARN_UNUSED_FUNCTION = YES;
				GCC_WARN_UNUSED_VARIABLE = YES;
				IPHONEOS_DEPLOYMENT_TARGET = 14.2;
				MTL_ENABLE_DEBUG_INFO = NO;
				MTL_FAST_MATH = YES;
				SDKROOT = iphoneos;
				SWIFT_COMPILATION_MODE = wholemodule;
				SWIFT_OPTIMIZATION_LEVEL = "-O";
				VALIDATE_PRODUCT = YES;
			};
			name = Release;
		};
		4FEDF66E25BFB2480028EC56 /* Debug */ = {
			isa = XCBuildConfiguration;
			buildSettings = {
				ASSETCATALOG_COMPILER_APPICON_NAME = AppIcon;
				ASSETCATALOG_COMPILER_GLOBAL_ACCENT_COLOR_NAME = AccentColor;
				CODE_SIGN_STYLE = Automatic;
				DEVELOPMENT_TEAM = FG2WSVLJ4Q;
				INFOPLIST_FILE = ColorsChallenge/Info.plist;
				IPHONEOS_DEPLOYMENT_TARGET = 13.0;
				LD_RUNPATH_SEARCH_PATHS = (
					"$(inherited)",
					"@executable_path/Frameworks",
				);
				PRODUCT_BUNDLE_IDENTIFIER = com.symmetryapps.ColorsChallenge;
				PRODUCT_NAME = "$(TARGET_NAME)";
				SWIFT_VERSION = 5.0;
				TARGETED_DEVICE_FAMILY = "1,2";
			};
			name = Debug;
		};
		4FEDF66F25BFB2480028EC56 /* Release */ = {
			isa = XCBuildConfiguration;
			buildSettings = {
				ASSETCATALOG_COMPILER_APPICON_NAME = AppIcon;
				ASSETCATALOG_COMPILER_GLOBAL_ACCENT_COLOR_NAME = AccentColor;
				CODE_SIGN_STYLE = Automatic;
				DEVELOPMENT_TEAM = FG2WSVLJ4Q;
				INFOPLIST_FILE = ColorsChallenge/Info.plist;
				IPHONEOS_DEPLOYMENT_TARGET = 13.0;
				LD_RUNPATH_SEARCH_PATHS = (
					"$(inherited)",
					"@executable_path/Frameworks",
				);
				PRODUCT_BUNDLE_IDENTIFIER = com.symmetryapps.ColorsChallenge;
				PRODUCT_NAME = "$(TARGET_NAME)";
				SWIFT_VERSION = 5.0;
				TARGETED_DEVICE_FAMILY = "1,2";
			};
			name = Release;
		};
		4FEDF6C425C281BB0028EC56 /* Debug */ = {
			isa = XCBuildConfiguration;
			buildSettings = {
				BUNDLE_LOADER = "$(TEST_HOST)";
				CODE_SIGN_STYLE = Automatic;
				DEVELOPMENT_TEAM = FG2WSVLJ4Q;
				INFOPLIST_FILE = ColorsChallengeTests/Info.plist;
				LD_RUNPATH_SEARCH_PATHS = (
					"$(inherited)",
					"@executable_path/Frameworks",
					"@loader_path/Frameworks",
				);
				PRODUCT_BUNDLE_IDENTIFIER = com.symmetryapps.ColorsChallengeTests;
				PRODUCT_NAME = "$(TARGET_NAME)";
				SWIFT_VERSION = 5.0;
				TARGETED_DEVICE_FAMILY = "1,2";
				TEST_HOST = "$(BUILT_PRODUCTS_DIR)/ColorsChallenge.app/ColorsChallenge";
			};
			name = Debug;
		};
		4FEDF6C525C281BB0028EC56 /* Release */ = {
			isa = XCBuildConfiguration;
			buildSettings = {
				BUNDLE_LOADER = "$(TEST_HOST)";
				CODE_SIGN_STYLE = Automatic;
				DEVELOPMENT_TEAM = FG2WSVLJ4Q;
				INFOPLIST_FILE = ColorsChallengeTests/Info.plist;
				LD_RUNPATH_SEARCH_PATHS = (
					"$(inherited)",
					"@executable_path/Frameworks",
					"@loader_path/Frameworks",
				);
				PRODUCT_BUNDLE_IDENTIFIER = com.symmetryapps.ColorsChallengeTests;
				PRODUCT_NAME = "$(TARGET_NAME)";
				SWIFT_VERSION = 5.0;
				TARGETED_DEVICE_FAMILY = "1,2";
				TEST_HOST = "$(BUILT_PRODUCTS_DIR)/ColorsChallenge.app/ColorsChallenge";
			};
			name = Release;
		};
/* End XCBuildConfiguration section */

/* Begin XCConfigurationList section */
		4FEDF65425BFB2460028EC56 /* Build configuration list for PBXProject "ColorsChallenge" */ = {
			isa = XCConfigurationList;
			buildConfigurations = (
				4FEDF66B25BFB2480028EC56 /* Debug */,
				4FEDF66C25BFB2480028EC56 /* Release */,
			);
			defaultConfigurationIsVisible = 0;
			defaultConfigurationName = Release;
		};
		4FEDF66D25BFB2480028EC56 /* Build configuration list for PBXNativeTarget "ColorsChallenge" */ = {
			isa = XCConfigurationList;
			buildConfigurations = (
				4FEDF66E25BFB2480028EC56 /* Debug */,
				4FEDF66F25BFB2480028EC56 /* Release */,
			);
			defaultConfigurationIsVisible = 0;
			defaultConfigurationName = Release;
		};
		4FEDF6C325C281BB0028EC56 /* Build configuration list for PBXNativeTarget "ColorsChallengeTests" */ = {
			isa = XCConfigurationList;
			buildConfigurations = (
				4FEDF6C425C281BB0028EC56 /* Debug */,
				4FEDF6C525C281BB0028EC56 /* Release */,
			);
			defaultConfigurationIsVisible = 0;
			defaultConfigurationName = Release;
		};
/* End XCConfigurationList section */

/* Begin XCVersionGroup section */
		4FF92CE325C3375800DD6343 /* ColorsChallenge.xcdatamodeld */ = {
			isa = XCVersionGroup;
			children = (
				4FF92CE425C3375800DD6343 /* ColorsChallenge.xcdatamodel */,
			);
			currentVersion = 4FF92CE425C3375800DD6343 /* ColorsChallenge.xcdatamodel */;
			path = ColorsChallenge.xcdatamodeld;
			sourceTree = "<group>";
			versionGroupType = wrapper.xcdatamodel;
		};
/* End XCVersionGroup section */
	};
	rootObject = 4FEDF65125BFB2460028EC56 /* Project object */;
}
